<?xml version="1.0" encoding="utf-8"?>
<Project ToolsVersion="4.0" xmlns="http://schemas.microsoft.com/developer/msbuild/2003">
  <ItemGroup>
    <Filter Include="Source Files">
      <UniqueIdentifier>{4FC737F1-C7A5-4376-A066-2A32D752A2FF}</UniqueIdentifier>
      <Extensions>cpp;c;cc;cxx;def;odl;idl;hpj;bat;asm;asmx</Extensions>
    </Filter>
    <Filter Include="Header Files">
      <UniqueIdentifier>{93995380-89BD-4b04-88EB-625FBE52EBFB}</UniqueIdentifier>
      <Extensions>h;hpp;hxx;hm;inl;inc;xsd</Extensions>
    </Filter>
    <Filter Include="Resource Files">
      <UniqueIdentifier>{67DA6AB6-F800-4c08-8B7A-83BB121AAD01}</UniqueIdentifier>
      <Extensions>rc;ico;cur;bmp;dlg;rc2;rct;bin;rgs;gif;jpg;jpeg;jpe;resx;tiff;tif;png;wav;mfcribbon-ms</Extensions>
    </Filter>
    <Filter Include="Generated Files">
      <UniqueIdentifier>{4ee3d72d-211b-4065-9c5e-020f46062346}</UniqueIdentifier>
      <SourceControlFiles>False</SourceControlFiles>
    </Filter>
    <Filter Include="IDL Files">
      <UniqueIdentifier>{11bec8c8-0d6e-47ef-a902-fd50dde2f105}</UniqueIdentifier>
    </Filter>
  </ItemGroup>
  <ItemGroup>
    <ClCompile Include="stdafx.cpp">
      <Filter>Source Files</Filter>
    </ClCompile>
    <ClCompile Include="IFileManagerCOM.cpp">
      <Filter>Source Files</Filter>
    </ClCompile>
    <ClCompile Include="dllmain.cpp">
      <Filter>Source Files</Filter>
    </ClCompile>
    <ClCompile Include="compreg.cpp">
      <Filter>Source Files</Filter>
    </ClCompile>
    <ClCompile Include="xdlldata.c">
      <Filter>Source Files</Filter>
    </ClCompile>
    <ClCompile Include="FileManager.cpp">
      <Filter>Source Files</Filter>
    </ClCompile>
    <ClCompile Include="IFileManagerCOM_i.c">
      <Filter>Generated Files</Filter>
    </ClCompile>
    <ClCompile Include="IFileManagerCOM_p.c">
      <Filter>Generated Files</Filter>
    </ClCompile>
    <ClCompile Include="FileEntry.cpp">
      <Filter>Source Files</Filter>
    </ClCompile>
    <ClCompile Include="IFileEntry_i.c">
      <Filter>Generated Files</Filter>
    </ClCompile>
    <ClCompile Include="IFileEntry_p.c">
      <Filter>Generated Files</Filter>
    </ClCompile>
  </ItemGroup>
  <ItemGroup>
    <ClInclude Include="stdafx.h">
      <Filter>Header Files</Filter>
    </ClInclude>
    <ClInclude Include="targetver.h">
      <Filter>Header Files</Filter>
    </ClInclude>
    <ClInclude Include="Resource.h">
      <Filter>Header Files</Filter>
    </ClInclude>
    <ClInclude Include="dllmain.h">
      <Filter>Header Files</Filter>
    </ClInclude>
    <ClInclude Include="compreg.h">
      <Filter>Header Files</Filter>
    </ClInclude>
    <ClInclude Include="xdlldata.h">
      <Filter>Header Files</Filter>
    </ClInclude>
    <ClInclude Include="FileManager.h">
      <Filter>Header Files</Filter>
    </ClInclude>
    <ClInclude Include="enums.h">
      <Filter>Generated Files</Filter>
    </ClInclude>
    <ClInclude Include="IFileManagerCOM.h">
      <Filter>Generated Files</Filter>
    </ClInclude>
    <ClInclude Include="FileEntry.h">
      <Filter>Header Files</Filter>
    </ClInclude>
    <ClInclude Include="IFileEntry.h">
      <Filter>Generated Files</Filter>
    </ClInclude>
  </ItemGroup>
  <ItemGroup>
    <ResourceCompile Include="IFileManagerCOM.rc">
      <Filter>Resource Files</Filter>
    </ResourceCompile>
  </ItemGroup>
  <ItemGroup>
    <Text Include="ReadMe.txt" />
  </ItemGroup>
  <ItemGroup>
    <None Include="IFileManagerCOM.rgs">
      <Filter>Resource Files</Filter>
    </None>
    <None Include="IFileManagerCOM.def">
      <Filter>Source Files</Filter>
    </None>
    <None Include="FileManager.rgs">
      <Filter>Resource Files</Filter>
    </None>
    <None Include="FileEntry.rgs">
      <Filter>Resource Files</Filter>
    </None>
  </ItemGroup>
  <ItemGroup>
    <Midl Include="IFileManagerCOM.idl">
      <Filter>IDL Files</Filter>
    </Midl>
    <Midl Include="enums.idl">
      <Filter>IDL Files</Filter>
    </Midl>
    <Midl Include="IFileEntry.idl">
      <Filter>IDL Files</Filter>
    </Midl>
  </ItemGroup>
</Project>